<?xml version="1.0" encoding="utf-8"?>
<Project ToolsVersion="4.0" xmlns="http://schemas.microsoft.com/developer/msbuild/2003">
  <ItemGroup>
    <Filter Include="Code">
      <UniqueIdentifier>{b61a86d7-025c-4975-8fab-851b12aebc88}</UniqueIdentifier>
    </Filter>
    <Filter Include="Calculations">
      <UniqueIdentifier>{40193c88-404b-4354-a3a1-cf7c508890a0}</UniqueIdentifier>
    </Filter>
  </ItemGroup>
  <ItemGroup>
    <ClInclude Include="Array.h">
      <Filter>Code</Filter>
    </ClInclude>
    <ClInclude Include="AI.h">
      <Filter>Code</Filter>
    </ClInclude>
    <ClInclude Include="Vec2.h">
      <Filter>Code</Filter>
    </ClInclude>
    <ClInclude Include="Object.h">
      <Filter>Code</Filter>
    </ClInclude>
    <ClInclude Include="Particle.h">
      <Filter>Code</Filter>
    </ClInclude>
    <ClInclude Include="Text.h">
      <Filter>Code</Filter>
    </ClInclude>
    <ClInclude Include="Collision.h">
      <Filter>Calculations</Filter>
    </ClInclude>
    <ClInclude Include="Camera.h">
      <Filter>Calculations</Filter>
    </ClInclude>
    <ClInclude Include="Physics.h">
      <Filter>Calculations</Filter>
    </ClInclude>
    <ClInclude Include="Timer.h">
      <Filter>Calculations</Filter>
    </ClInclude>
  </ItemGroup>
  <ItemGroup>
    <ClCompile Include="AI.cpp">
      <Filter>Code</Filter>
    </ClCompile>
    <ClCompile Include="Particle.cpp">
      <Filter>Code</Filter>
    </ClCompile>
    <ClCompile Include="Text.cpp">
      <Filter>Code</Filter>
    </ClCompile>
    <ClCompile Include="Collision.cpp">
      <Filter>Calculations</Filter>
    </ClCompile>
    <ClCompile Include="Camera.cpp">
      <Filter>Calculations</Filter>
    </ClCompile>
    <ClCompile Include="Physics.cpp">
      <Filter>Calculations</Filter>
    </ClCompile>
    <ClCompile Include="Timer.cpp">
      <Filter>Calculations</Filter>
    </ClCompile>
  </ItemGroup>
</Project>